// !$*UTF8*$!
{
	archiveVersion = 1;
	classes = {
	};
	objectVersion = 46;
	objects = {

/* Begin PBXBuildFile section */
		4C4847D314CED80A009DDAAF /* ffplay.c in Sources */ = {isa = PBXBuildFile; fileRef = 4C4847D114CED7F0009DDAAF /* ffplay.c */; };
		4C8CC59B14D81B2400595140 /* jobs.c in Sources */ = {isa = PBXBuildFile; fileRef = 4C8CC59A14D81B2400595140 /* jobs.c */; };
		4CAA9EFC135C57AE00AEA9EB /* h264_workbench.c in Sources */ = {isa = PBXBuildFile; fileRef = 4C24B9E911EDE6D600E67981 /* h264_workbench.c */; };
		4CAA9EFF135C58F500AEA9EB /* llsp.c in Sources */ = {isa = PBXBuildFile; fileRef = 4C24B9ED11EDE6D600E67981 /* llsp.c */; };
		4CAA9F00135C58F500AEA9EB /* metrics.c in Sources */ = {isa = PBXBuildFile; fileRef = 4C24B9F111EDE6D600E67981 /* metrics.c */; };
		4CAA9F01135C58F500AEA9EB /* nalu.c in Sources */ = {isa = PBXBuildFile; fileRef = 4C24B9F311EDE6D600E67981 /* nalu.c */; };
		4CAA9F02135C58F500AEA9EB /* process.c in Sources */ = {isa = PBXBuildFile; fileRef = 4C24B9F511EDE6D600E67981 /* process.c */; };
		4CAA9F03135C58F500AEA9EB /* propagate.c in Sources */ = {isa = PBXBuildFile; fileRef = 4C24B9F811EDE6D600E67981 /* propagate.c */; };
		4CAA9F04135C58F500AEA9EB /* replace.c in Sources */ = {isa = PBXBuildFile; fileRef = 4C24B9FA11EDE6D600E67981 /* replace.c */; };
		4CAA9F05135C58F500AEA9EB /* adapt.c in Sources */ = {isa = PBXBuildFile; fileRef = 4C24B9FC11EDE6D600E67981 /* adapt.c */; };
		4CAA9F06135C58F500AEA9EB /* ssim.c in Sources */ = {isa = PBXBuildFile; fileRef = 4C24B9FE11EDE6D600E67981 /* ssim.c */; };
		4CAA9F07135C58F500AEA9EB /* weak.c in Sources */ = {isa = PBXBuildFile; fileRef = 4CF0A7011202CA0800817B42 /* weak.c */; };
/* End PBXBuildFile section */

/* Begin PBXFileReference section */
		4C24B00211EDE6B800E67981 /* Experiments */ = {isa = PBXFileReference; lastKnownFileType = folder; path = Experiments; sourceTree = "<group>"; };
		4C24B8FB11EDE6B900E67981 /* FFmpeg */ = {isa = PBXFileReference; lastKnownFileType = folder; path = FFmpeg; sourceTree = "<group>"; };
		4C24B8FC11EDE6B900E67981 /* Samples */ = {isa = PBXFileReference; lastKnownFileType = folder; path = Samples; sourceTree = "<group>"; };
		4C24B8FD11EDE6B900E67981 /* x264 */ = {isa = PBXFileReference; lastKnownFileType = folder; path = x264; sourceTree = "<group>"; };
		4C24B9E911EDE6D600E67981 /* h264_workbench.c */ = {isa = PBXFileReference; fileEncoding = 4; lastKnownFileType = sourcecode.c.c; path = h264_workbench.c; sourceTree = "<group>"; };
		4C24B9EA11EDE6D600E67981 /* Makefile */ = {isa = PBXFileReference; fileEncoding = 4; lastKnownFileType = sourcecode.make; path = Makefile; sourceTree = "<group>"; };
		4C24B9EC11EDE6D600E67981 /* digits.h */ = {isa = PBXFileReference; fileEncoding = 4; lastKnownFileType = sourcecode.c.h; path = digits.h; sourceTree = "<group>"; };
		4C24B9ED11EDE6D600E67981 /* llsp.c */ = {isa = PBXFileReference; fileEncoding = 4; lastKnownFileType = sourcecode.c.c; path = llsp.c; sourceTree = "<group>"; };
		4C24B9EE11EDE6D600E67981 /* llsp.h */ = {isa = PBXFileReference; fileEncoding = 4; lastKnownFileType = sourcecode.c.h; path = llsp.h; sourceTree = "<group>"; };
		4C24B9F011EDE6D600E67981 /* Makefile */ = {isa = PBXFileReference; fileEncoding = 4; lastKnownFileType = sourcecode.make; path = Makefile; sourceTree = "<group>"; };
		4C24B9F111EDE6D600E67981 /* metrics.c */ = {isa = PBXFileReference; fileEncoding = 4; lastKnownFileType = sourcecode.c.c; path = metrics.c; sourceTree = "<group>"; };
		4C24B9F311EDE6D600E67981 /* nalu.c */ = {isa = PBXFileReference; fileEncoding = 4; lastKnownFileType = sourcecode.c.c; path = nalu.c; sourceTree = "<group>"; };
		4C24B9F511EDE6D600E67981 /* process.c */ = {isa = PBXFileReference; fileEncoding = 4; lastKnownFileType = sourcecode.c.c; path = process.c; sourceTree = "<group>"; };
		4C24B9F611EDE6D600E67981 /* process.h */ = {isa = PBXFileReference; fileEncoding = 4; lastKnownFileType = sourcecode.c.h; path = process.h; sourceTree = "<group>"; };
		4C24B9F811EDE6D600E67981 /* propagate.c */ = {isa = PBXFileReference; fileEncoding = 4; lastKnownFileType = sourcecode.c.c; path = propagate.c; sourceTree = "<group>"; };
		4C24B9FA11EDE6D600E67981 /* replace.c */ = {isa = PBXFileReference; fileEncoding = 4; lastKnownFileType = sourcecode.c.c; path = replace.c; sourceTree = "<group>"; };
		4C24B9FC11EDE6D600E67981 /* adapt.c */ = {isa = PBXFileReference; fileEncoding = 4; lastKnownFileType = sourcecode.c.c; path = adapt.c; sourceTree = "<group>"; };
		4C24B9FE11EDE6D600E67981 /* ssim.c */ = {isa = PBXFileReference; fileEncoding = 4; lastKnownFileType = sourcecode.c.c; path = ssim.c; sourceTree = "<group>"; };
		4C24B9FF11EDE6D600E67981 /* ssim.h */ = {isa = PBXFileReference; fileEncoding = 4; lastKnownFileType = sourcecode.c.h; path = ssim.h; sourceTree = "<group>"; };
		4C3E4E7F126D9BCF004DACE5 /* Makeconf */ = {isa = PBXFileReference; explicitFileType = sourcecode.make; fileEncoding = 4; path = Makeconf; sourceTree = "<group>"; };
		4C4847D114CED7F0009DDAAF /* ffplay.c */ = {isa = PBXFileReference; lastKnownFileType = sourcecode.c.c; name = ffplay.c; path = FFmpeg/ffplay.c; sourceTree = "<group>"; usesTabs = 0; };
		4C8CC59714D41C0800595140 /* nalu.h */ = {isa = PBXFileReference; lastKnownFileType = sourcecode.c.h; path = nalu.h; sourceTree = "<group>"; };
		4C8CC59914D7F27F00595140 /* FFmpeg.patch */ = {isa = PBXFileReference; lastKnownFileType = text; path = FFmpeg.patch; sourceTree = "<group>"; };
		4C8CC59A14D81B2400595140 /* jobs.c */ = {isa = PBXFileReference; fileEncoding = 4; lastKnownFileType = sourcecode.c.c; path = jobs.c; sourceTree = "<group>"; };
		4C8CC59C14D81B4000595140 /* jobs.h */ = {isa = PBXFileReference; fileEncoding = 4; lastKnownFileType = sourcecode.c.h; path = jobs.h; sourceTree = "<group>"; };
		4C93FEB315D6A49F0073DA23 /* Linux.patch */ = {isa = PBXFileReference; fileEncoding = 4; lastKnownFileType = text; path = Linux.patch; sourceTree = "<group>"; };
		4CAA9F08135C59C400AEA9EB /* h264_workbench */ = {isa = PBXFileReference; explicitFileType = "compiled.mach-o.executable"; includeInIndex = 0; path = h264_workbench; sourceTree = BUILT_PRODUCTS_DIR; };
		4CC4C87C15DD44BC004D06C2 /* scheduler.h */ = {isa = PBXFileReference; lastKnownFileType = sourcecode.c.h; path = scheduler.h; sourceTree = "<group>"; };
		4CEC1A7A150F8C05009814F5 /* SDL */ = {isa = PBXFileReference; lastKnownFileType = folder; path = SDL; sourceTree = "<group>"; };
		4CF0A7011202CA0800817B42 /* weak.c */ = {isa = PBXFileReference; fileEncoding = 4; lastKnownFileType = sourcecode.c.c; path = weak.c; sourceTree = "<group>"; };
/* End PBXFileReference section */

/* Begin PBXGroup section */
		08FB7794FE84155DC02AAC07 /* Workbench */ = {
			isa = PBXGroup;
			children = (
				4C24B9EA11EDE6D600E67981 /* Makefile */,
				4C3E4E7F126D9BCF004DACE5 /* Makeconf */,
				4C24B9E911EDE6D600E67981 /* h264_workbench.c */,
				4CAA9F08135C59C400AEA9EB /* h264_workbench */,
				4C24B9EB11EDE6D600E67981 /* Components */,
				4C4847D414CED846009DDAAF /* Shortcuts */,
				4C24B8FC11EDE6B900E67981 /* Samples */,
				4C24B00211EDE6B800E67981 /* Experiments */,
				4C8CC59914D7F27F00595140 /* FFmpeg.patch */,
				4C93FEB315D6A49F0073DA23 /* Linux.patch */,
				4C24B8FB11EDE6B900E67981 /* FFmpeg */,
				4C24B8FD11EDE6B900E67981 /* x264 */,
				4CEC1A7A150F8C05009814F5 /* SDL */,
			);
			name = Workbench;
			sourceTree = "<group>";
		};
		4C24B9EB11EDE6D600E67981 /* Components */ = {
			isa = PBXGroup;
			children = (
				4C24B9F011EDE6D600E67981 /* Makefile */,
				4C24B9FC11EDE6D600E67981 /* adapt.c */,
				4C24B9EC11EDE6D600E67981 /* digits.h */,
				4C8CC59C14D81B4000595140 /* jobs.h */,
				4C8CC59A14D81B2400595140 /* jobs.c */,
				4C24B9EE11EDE6D600E67981 /* llsp.h */,
				4C24B9ED11EDE6D600E67981 /* llsp.c */,
				4C24B9F111EDE6D600E67981 /* metrics.c */,
				4C8CC59714D41C0800595140 /* nalu.h */,
				4C24B9F311EDE6D600E67981 /* nalu.c */,
				4C24B9F511EDE6D600E67981 /* process.c */,
				4C24B9F611EDE6D600E67981 /* process.h */,
				4C24B9F811EDE6D600E67981 /* propagate.c */,
				4C24B9FA11EDE6D600E67981 /* replace.c */,
				4CC4C87C15DD44BC004D06C2 /* scheduler.h */,
				4C24B9FF11EDE6D600E67981 /* ssim.h */,
				4C24B9FE11EDE6D600E67981 /* ssim.c */,
				4CF0A7011202CA0800817B42 /* weak.c */,
			);
			path = Components;
			sourceTree = "<group>";
		};
		4C4847D414CED846009DDAAF /* Shortcuts */ = {
			isa = PBXGroup;
			children = (
				4C4847D114CED7F0009DDAAF /* ffplay.c */,
			);
			name = Shortcuts;
			sourceTree = "<group>";
		};
/* End PBXGroup section */

/* Begin PBXLegacyTarget section */
		4C24BA0211EDE76D00E67981 /* FFplay */ = {
			isa = PBXLegacyTarget;
			buildArgumentsString = ffplay;
			buildConfigurationList = 4C24BA0811EDE7A500E67981 /* Build configuration list for PBXLegacyTarget "FFplay" */;
			buildPhases = (
			);
			buildToolPath = make;
			buildWorkingDirectory = "";
			dependencies = (
			);
			name = FFplay;
			passBuildSettingsInEnvironment = 1;
			productName = Samples;
		};
		4C24BA0511EDE77700E67981 /* Experiments */ = {
			isa = PBXLegacyTarget;
			buildArgumentsString = "$(ACTION)";
			buildConfigurationList = 4C24BA0911EDE7A500E67981 /* Build configuration list for PBXLegacyTarget "Experiments" */;
			buildPhases = (
			);
			buildToolPath = make;
			buildWorkingDirectory = Experiments;
			dependencies = (
			);
			name = Experiments;
			passBuildSettingsInEnvironment = 1;
			productName = Experiments;
		};
		D28A88AD04BDD90700651E21 /* Workbench */ = {
			isa = PBXLegacyTarget;
			buildArgumentsString = "$(ACTION)";
			buildConfigurationList = 1DEB918F08733D9F0010E9CD /* Build configuration list for PBXLegacyTarget "Workbench" */;
			buildPhases = (
			);
			buildToolPath = make;
			buildWorkingDirectory = "";
			dependencies = (
			);
			name = Workbench;
			passBuildSettingsInEnvironment = 1;
			productName = Workbench;
		};
/* End PBXLegacyTarget section */

/* Begin PBXNativeTarget section */
		4CAA9EF1135C535300AEA9EB /* Xcode Editor Support */ = {
			isa = PBXNativeTarget;
			buildConfigurationList = 4CAA9EF9135C535300AEA9EB /* Build configuration list for PBXNativeTarget "Xcode Editor Support" */;
			buildPhases = (
				4C4847D514CED91A009DDAAF /* ShellScript */,
				4CAA9EEE135C535300AEA9EB /* Sources */,
			);
			buildRules = (
			);
			dependencies = (
			);
			name = "Xcode Editor Support";
			productName = Dummy;
			productReference = 4CAA9F08135C59C400AEA9EB /* h264_workbench */;
			productType = "com.apple.product-type.tool";
		};
/* End PBXNativeTarget section */

/* Begin PBXProject section */
		08FB7793FE84155DC02AAC07 /* Project object */ = {
			isa = PBXProject;
			attributes = {
				LastUpgradeCheck = 0440;
				ORGANIZATIONNAME = "TU Dresden";
			};
			buildConfigurationList = 1DEB919308733D9F0010E9CD /* Build configuration list for PBXProject "Workbench" */;
			compatibilityVersion = "Xcode 3.2";
			developmentRegion = English;
			hasScannedForEncodings = 1;
			knownRegions = (
				en,
			);
			mainGroup = 08FB7794FE84155DC02AAC07 /* Workbench */;
			productRefGroup = 08FB7794FE84155DC02AAC07 /* Workbench */;
			projectDirPath = "";
			projectRoot = "";
			targets = (
				D28A88AD04BDD90700651E21 /* Workbench */,
				4C24BA0211EDE76D00E67981 /* FFplay */,
				4C24BA0511EDE77700E67981 /* Experiments */,
				4CAA9EF1135C535300AEA9EB /* Xcode Editor Support */,
			);
		};
/* End PBXProject section */

/* Begin PBXShellScriptBuildPhase section */
		4C4847D514CED91A009DDAAF /* ShellScript */ = {
			isa = PBXShellScriptBuildPhase;
			buildActionMask = 2147483647;
			files = (
			);
			inputPaths = (
			);
			outputPaths = (
			);
			runOnlyForDeploymentPostprocessing = 0;
			shellPath = /bin/sh;
			shellScript = "# This target helps the Xcode editor parse the files and find all the relevant headers for code completion. It is not intended to be compiled.\nfalse";
			showEnvVarsInLog = 0;
		};
/* End PBXShellScriptBuildPhase section */

/* Begin PBXSourcesBuildPhase section */
		4CAA9EEE135C535300AEA9EB /* Sources */ = {
			isa = PBXSourcesBuildPhase;
			buildActionMask = 2147483647;
			files = (
				4CAA9EFC135C57AE00AEA9EB /* h264_workbench.c in Sources */,
				4CAA9EFF135C58F500AEA9EB /* llsp.c in Sources */,
				4CAA9F00135C58F500AEA9EB /* metrics.c in Sources */,
				4CAA9F01135C58F500AEA9EB /* nalu.c in Sources */,
				4CAA9F02135C58F500AEA9EB /* process.c in Sources */,
				4CAA9F03135C58F500AEA9EB /* propagate.c in Sources */,
				4CAA9F04135C58F500AEA9EB /* replace.c in Sources */,
				4CAA9F05135C58F500AEA9EB /* adapt.c in Sources */,
				4CAA9F06135C58F500AEA9EB /* ssim.c in Sources */,
				4CAA9F07135C58F500AEA9EB /* weak.c in Sources */,
				4C8CC59B14D81B2400595140 /* jobs.c in Sources */,
				4C4847D314CED80A009DDAAF /* ffplay.c in Sources */,
			);
			runOnlyForDeploymentPostprocessing = 0;
		};
/* End PBXSourcesBuildPhase section */

/* Begin XCBuildConfiguration section */
		1DEB919008733D9F0010E9CD /* Debug */ = {
			isa = XCBuildConfiguration;
			buildSettings = {
				COMBINE_HIDPI_IMAGES = YES;
				CPPFLAGS = "-DMETRICS_EXTRACT -DMETADATA_WRITE";
			};
			name = Debug;
		};
		1DEB919108733D9F0010E9CD /* Release */ = {
			isa = XCBuildConfiguration;
			buildSettings = {
				COMBINE_HIDPI_IMAGES = YES;
				CPPFLAGS = "-DMETRICS_EXTRACT -DMETADATA_WRITE";
			};
			name = Release;
		};
		1DEB919408733D9F0010E9CD /* Debug */ = {
			isa = XCBuildConfiguration;
			buildSettings = {
				ARCHS = "$(ARCHS_STANDARD_64_BIT)";
				CC = clang;
				DEBUG = true;
				PATH = "$(HOME)/.bin:$(PATH):/opt/fink/bin:/sw/bin:/usr/local/bin";
			};
			name = Debug;
		};
		1DEB919508733D9F0010E9CD /* Release */ = {
			isa = XCBuildConfiguration;
			buildSettings = {
				ARCHS = "$(ARCHS_STANDARD_64_BIT)";
				CC = clang;
				PATH = "$(HOME)/.bin:$(PATH):/opt/fink/bin:/sw/bin:/usr/local/bin";
			};
			name = Release;
		};
		4C24BA0311EDE76D00E67981 /* Debug */ = {
			isa = XCBuildConfiguration;
			buildSettings = {
				COMBINE_HIDPI_IMAGES = YES;
				CPPFLAGS = "-DLLSP_PREDICT -DJOB_SCHEDULING";
			};
			name = Debug;
		};
		4C24BA0411EDE76D00E67981 /* Release */ = {
			isa = XCBuildConfiguration;
			buildSettings = {
				COMBINE_HIDPI_IMAGES = YES;
				CPPFLAGS = "-DLLSP_PREDICT -DJOB_SCHEDULING";
			};
			name = Release;
		};
		4C24BA0611EDE77700E67981 /* Debug */ = {
			isa = XCBuildConfiguration;
			buildSettings = {
				COMBINE_HIDPI_IMAGES = YES;
			};
			name = Debug;
		};
		4C24BA0711EDE77700E67981 /* Release */ = {
			isa = XCBuildConfiguration;
			buildSettings = {
				COMBINE_HIDPI_IMAGES = YES;
			};
			name = Release;
		};
		4CAA9EFA135C535300AEA9EB /* Debug */ = {
			isa = XCBuildConfiguration;
			buildSettings = {
				GCC_PREPROCESSOR_DEFINITIONS = (
					METRICS_EXTRACT,
					PREPROCESS,
					METADATA_WRITE,
					METADATA_READ,
					JOB_SCHEDULING,
					LLSP_PREDICT,
				);
				HEADER_SEARCH_PATHS = FFmpeg;
				PRODUCT_NAME = h264_workbench;
			};
			name = Debug;
		};
		4CAA9EFB135C535300AEA9EB /* Release */ = {
			isa = XCBuildConfiguration;
			buildSettings = {
				GCC_PREPROCESSOR_DEFINITIONS = (
					METRICS_EXTRACT,
					PREPROCESS,
					METADATA_WRITE,
					METADATA_READ,
					JOB_SCHEDULING,
					LLSP_PREDICT,
				);
				HEADER_SEARCH_PATHS = FFmpeg;
				PRODUCT_NAME = h264_workbench;
			};
			name = Release;
		};
/* End XCBuildConfiguration section */

/* Begin XCConfigurationList section */
		1DEB918F08733D9F0010E9CD /* Build configuration list for PBXLegacyTarget "Workbench" */ = {
			isa = XCConfigurationList;
			buildConfigurations = (
				1DEB919008733D9F0010E9CD /* Debug */,
				1DEB919108733D9F0010E9CD /* Release */,
			);
			defaultConfigurationIsVisible = 0;
			defaultConfigurationName = Release;
		};
		1DEB919308733D9F0010E9CD /* Build configuration list for PBXProject "Workbench" */ = {
			isa = XCConfigurationList;
			buildConfigurations = (
				1DEB919408733D9F0010E9CD /* Debug */,
				1DEB919508733D9F0010E9CD /* Release */,
			);
			defaultConfigurationIsVisible = 0;
			defaultConfigurationName = Release;
		};
		4C24BA0811EDE7A500E67981 /* Build configuration list for PBXLegacyTarget "FFplay" */ = {
			isa = XCConfigurationList;
			buildConfigurations = (
				4C24BA0311EDE76D00E67981 /* Debug */,
				4C24BA0411EDE76D00E67981 /* Release */,
			);
			defaultConfigurationIsVisible = 0;
			defaultConfigurationName = Release;
		};
		4C24BA0911EDE7A500E67981 /* Build configuration list for PBXLegacyTarget "Experiments" */ = {
			isa = XCConfigurationList;
			buildConfigurations = (
				4C24BA0611EDE77700E67981 /* Debug */,
				4C24BA0711EDE77700E67981 /* Release */,
			);
			defaultConfigurationIsVisible = 0;
			defaultConfigurationName = Release;
		};
		4CAA9EF9135C535300AEA9EB /* Build configuration list for PBXNativeTarget "Xcode Editor Support" */ = {
			isa = XCConfigurationList;
			buildConfigurations = (
				4CAA9EFA135C535300AEA9EB /* Debug */,
				4CAA9EFB135C535300AEA9EB /* Release */,
			);
			defaultConfigurationIsVisible = 0;
			defaultConfigurationName = Release;
		};
/* End XCConfigurationList section */
	};
	rootObject = 08FB7793FE84155DC02AAC07 /* Project object */;
}
